
Microsoft Visual Studio Solution File, Format Version 12.00
# Visual Studio 15
VisualStudioVersion = 15.0.28307.136
MinimumVisualStudioVersion = 10.0.40219.1
Project("{FAE04EC0-301F-11D3-BF4B-00C04F79EFBC}") = "string", "string\string.csproj", "{EC713EC3-267C-4BA3-89FC-B0E87C34F792}"
EndProject
Global
	GlobalSection(SolutionConfigurationPlatforms) = preSolution
		Debug|Any CPU = Debug|Any CPU
		Release|Any CPU = Release|Any CPU
	EndGlobalSection
	GlobalSection(ProjectConfigurationPlatforms) = postSolution
		{EC713EC3-267C-4BA3-89FC-B0E87C34F792}.Debug|Any CPU.ActiveCfg = Debug|Any CPU
		{EC713EC3-267C-4BA3-89FC-B0E87C34F792}.Debug|Any CPU.Build.0 = Debug|Any CPU
		{EC713EC3-267C-4BA3-89FC-B0E87C34F792}.Release|Any CPU.ActiveCfg = Release|Any CPU
		{EC713EC3-267C-4BA3-89FC-B0E87C34F792}.Release|Any CPU.Build.0 = Release|Any CPU
	EndGlobalSection
	GlobalSection(SolutionProperties) = preSolution
		HideSolutionNode = FALSE
	EndGlobalSection
	GlobalSection(ExtensibilityGlobals) = postSolution
		SolutionGuid = {5FF5443D-AE67-412C-B42F-263781909464}
	EndGlobalSection
EndGlobal
